
Microsoft Visual Studio Solution File, Format Version 12.00
# Visual Studio Version 17
VisualStudioVersion = 17.3.32922.545
MinimumVisualStudioVersion = 10.0.40219.1
Project("{FAE04EC0-301F-11D3-BF4B-00C04F79EFBC}") = "WindowsFormsApp3", "WindowsFormsApp3\WindowsFormsApp3.csproj", "{AC16BCD3-5532-48B7-9861-0CE50D84AA0C}"
EndProject
Global
	GlobalSection(SolutionConfigurationPlatforms) = preSolution
		Debug|Any CPU = Debug|Any CPU
		Release|Any CPU = Release|Any CPU
	EndGlobalSection
	GlobalSection(ProjectConfigurationPlatforms) = postSolution
		{AC16BCD3-5532-48B7-9861-0CE50D84AA0C}.Debug|Any CPU.ActiveCfg = Debug|Any CPU
		{AC16BCD3-5532-48B7-9861-0CE50D84AA0C}.Debug|Any CPU.Build.0 = Debug|Any CPU
		{AC16BCD3-5532-48B7-9861-0CE50D84AA0C}.Release|Any CPU.ActiveCfg = Release|Any CPU
		{AC16BCD3-5532-48B7-9861-0CE50D84AA0C}.Release|Any CPU.Build.0 = Release|Any CPU
	EndGlobalSection
	GlobalSection(SolutionProperties) = preSolution
		HideSolutionNode = FALSE
	EndGlobalSection
	GlobalSection(ExtensibilityGlobals) = postSolution
		SolutionGuid = {DAC17290-EAC0-454C-B0D3-8B2B4E55A705}
	EndGlobalSection
EndGlobal
