
Microsoft Visual Studio Solution File, Format Version 12.00
# Visual Studio Version 17
VisualStudioVersion = 17.3.32922.545
MinimumVisualStudioVersion = 10.0.40219.1
Project("{FAE04EC0-301F-11D3-BF4B-00C04F79EFBC}") = "WindowsFormsApp2", "WindowsFormsApp2\WindowsFormsApp2.csproj", "{FC7B3CB2-7091-411B-9700-4EFEF2A0471C}"
EndProject
Global
	GlobalSection(SolutionConfigurationPlatforms) = preSolution
		Debug|Any CPU = Debug|Any CPU
		Release|Any CPU = Release|Any CPU
	EndGlobalSection
	GlobalSection(ProjectConfigurationPlatforms) = postSolution
		{FC7B3CB2-7091-411B-9700-4EFEF2A0471C}.Debug|Any CPU.ActiveCfg = Debug|Any CPU
		{FC7B3CB2-7091-411B-9700-4EFEF2A0471C}.Debug|Any CPU.Build.0 = Debug|Any CPU
		{FC7B3CB2-7091-411B-9700-4EFEF2A0471C}.Release|Any CPU.ActiveCfg = Release|Any CPU
		{FC7B3CB2-7091-411B-9700-4EFEF2A0471C}.Release|Any CPU.Build.0 = Release|Any CPU
	EndGlobalSection
	GlobalSection(SolutionProperties) = preSolution
		HideSolutionNode = FALSE
	EndGlobalSection
	GlobalSection(ExtensibilityGlobals) = postSolution
		SolutionGuid = {4B16D093-A8E9-40FE-AD48-9BDE33D517C4}
	EndGlobalSection
EndGlobal
