
Microsoft Visual Studio Solution File, Format Version 12.00
# Visual Studio Version 17
VisualStudioVersion = 17.3.32922.545
MinimumVisualStudioVersion = 10.0.40219.1
Project("{FAE04EC0-301F-11D3-BF4B-00C04F79EFBC}") = "WindowsFormsApp1", "WindowsFormsApp1\WindowsFormsApp1.csproj", "{70CFBD68-7F7F-413E-A5C1-2CB1ABF9BE81}"
EndProject
Global
	GlobalSection(SolutionConfigurationPlatforms) = preSolution
		Debug|Any CPU = Debug|Any CPU
		Release|Any CPU = Release|Any CPU
	EndGlobalSection
	GlobalSection(ProjectConfigurationPlatforms) = postSolution
		{70CFBD68-7F7F-413E-A5C1-2CB1ABF9BE81}.Debug|Any CPU.ActiveCfg = Debug|Any CPU
		{70CFBD68-7F7F-413E-A5C1-2CB1ABF9BE81}.Debug|Any CPU.Build.0 = Debug|Any CPU
		{70CFBD68-7F7F-413E-A5C1-2CB1ABF9BE81}.Release|Any CPU.ActiveCfg = Release|Any CPU
		{70CFBD68-7F7F-413E-A5C1-2CB1ABF9BE81}.Release|Any CPU.Build.0 = Release|Any CPU
	EndGlobalSection
	GlobalSection(SolutionProperties) = preSolution
		HideSolutionNode = FALSE
	EndGlobalSection
	GlobalSection(ExtensibilityGlobals) = postSolution
		SolutionGuid = {1755D5E8-5A9B-446A-89AA-A0655973AAB9}
	EndGlobalSection
EndGlobal
